Microsoft Visual Studio Solution File, Format Version 12.00
# Visual Studio 15
VisualStudioVersion = 15.0.28307.539
MinimumVisualStudioVersion = 10.0.40219.1
Project("{FAE04EC0-301F-11D3-BF4B-00C04F79EFBC}") = "Log-in system", "Log-in system\Log-in system.csproj", "{995F6759-CE3B-4A09-B2ED-DAE9BBA059EB}"
EndProject
Global
	GlobalSection(SolutionConfigurationPlatforms) = preSolution
		Debug|Any CPU = Debug|Any CPU
		Release|Any CPU = Release|Any CPU
	EndGlobalSection
	GlobalSection(ProjectConfigurationPlatforms) = postSolution
		{995F6759-CE3B-4A09-B2ED-DAE9BBA059EB}.Debug|Any CPU.ActiveCfg = Debug|Any CPU
		{995F6759-CE3B-4A09-B2ED-DAE9BBA059EB}.Debug|Any CPU.Build.0 = Debug|Any CPU
		{995F6759-CE3B-4A09-B2ED-DAE9BBA059EB}.Release|Any CPU.ActiveCfg = Release|Any CPU
		{995F6759-CE3B-4A09-B2ED-DAE9BBA059EB}.Release|Any CPU.Build.0 = Release|Any CPU
	EndGlobalSection
	GlobalSection(SolutionProperties) = preSolution
		HideSolutionNode = FALSE
	EndGlobalSection
	GlobalSection(ExtensibilityGlobals) = postSolution
		SolutionGuid = {46E98D2E-61CD-46C3-B847-A29E896E224C}
	EndGlobalSection
EndGlobal